// !$*UTF8*$!
{
	archiveVersion = 1;
	classes = {
	};
	objectVersion = 48;
	objects = {

/* Begin PBXBuildFile section */
		9FC081B31FD8770700DAB94A /* AppDelegate.m in Sources */ = {isa = PBXBuildFile; fileRef = 9FC081B21FD8770700DAB94A /* AppDelegate.m */; };
		9FC081B61FD8770700DAB94A /* ViewController.m in Sources */ = {isa = PBXBuildFile; fileRef = 9FC081B51FD8770700DAB94A /* ViewController.m */; };
		9FC081B91FD8770700DAB94A /* Main.storyboard in Resources */ = {isa = PBXBuildFile; fileRef = 9FC081B71FD8770700DAB94A /* Main.storyboard */; };
		9FC081BB1FD8770700DAB94A /* Assets.xcassets in Resources */ = {isa = PBXBuildFile; fileRef = 9FC081BA1FD8770700DAB94A /* Assets.xcassets */; };
		9FC081BE1FD8770700DAB94A /* LaunchScreen.storyboard in Resources */ = {isa = PBXBuildFile; fileRef = 9FC081BC1FD8770700DAB94A /* LaunchScreen.storyboard */; };
		9FC081C11FD8770700DAB94A /* main.m in Sources */ = {isa = PBXBuildFile; fileRef = 9FC081C01FD8770700DAB94A /* main.m */; };
		9FC081C91FD8783D00DAB94A /* KBCircularCollectionView.m in Sources */ = {isa = PBXBuildFile; fileRef = 9FC081C81FD8783D00DAB94A /* KBCircularCollectionView.m */; };
		9FC081D01FD8796100DAB94A /* KBCustomCollectionViewCell.m in Sources */ = {isa = PBXBuildFile; fileRef = 9FC081CE1FD8796100DAB94A /* KBCustomCollectionViewCell.m */; };
		9FC081D11FD8796100DAB94A /* KBCustomCollectionViewCell.xib in Resources */ = {isa = PBXBuildFile; fileRef = 9FC081CF1FD8796100DAB94A /* KBCustomCollectionViewCell.xib */; };
/* End PBXBuildFile section */

/* Begin PBXFileReference section */
		9FC081AE1FD8770700DAB94A /* KBCircularCollectionViewSample.app */ = {isa = PBXFileReference; explicitFileType = wrapper.application; includeInIndex = 0; path = KBCircularCollectionViewSample.app; sourceTree = BUILT_PRODUCTS_DIR; };
		9FC081B11FD8770700DAB94A /* AppDelegate.h */ = {isa = PBXFileReference; lastKnownFileType = sourcecode.c.h; path = AppDelegate.h; sourceTree = "<group>"; };
		9FC081B21FD8770700DAB94A /* AppDelegate.m */ = {isa = PBXFileReference; lastKnownFileType = sourcecode.c.objc; path = AppDelegate.m; sourceTree = "<group>"; };
		9FC081B41FD8770700DAB94A /* ViewController.h */ = {isa = PBXFileReference; lastKnownFileType = sourcecode.c.h; path = ViewController.h; sourceTree = "<group>"; };
		9FC081B51FD8770700DAB94A /* ViewController.m */ = {isa = PBXFileReference; lastKnownFileType = sourcecode.c.objc; path = ViewController.m; sourceTree = "<group>"; };
		9FC081B81FD8770700DAB94A /* Base */ = {isa = PBXFileReference; lastKnownFileType = file.storyboard; name = Base; path = Base.lproj/Main.storyboard; sourceTree = "<group>"; };
		9FC081BA1FD8770700DAB94A /* Assets.xcassets */ = {isa = PBXFileReference; lastKnownFileType = folder.assetcatalog; path = Assets.xcassets; sourceTree = "<group>"; };
		9FC081BD1FD8770700DAB94A /* Base */ = {isa = PBXFileReference; lastKnownFileType = file.storyboard; name = Base; path = Base.lproj/LaunchScreen.storyboard; sourceTree = "<group>"; };
		9FC081BF1FD8770700DAB94A /* Info.plist */ = {isa = PBXFileReference; lastKnownFileType = text.plist.xml; path = Info.plist; sourceTree = "<group>"; };
		9FC081C01FD8770700DAB94A /* main.m */ = {isa = PBXFileReference; lastKnownFileType = sourcecode.c.objc; path = main.m; sourceTree = "<group>"; };
		9FC081C71FD8783D00DAB94A /* KBCircularCollectionView.h */ = {isa = PBXFileReference; lastKnownFileType = sourcecode.c.h; path = KBCircularCollectionView.h; sourceTree = "<group>"; };
		9FC081C81FD8783D00DAB94A /* KBCircularCollectionView.m */ = {isa = PBXFileReference; lastKnownFileType = sourcecode.c.objc; path = KBCircularCollectionView.m; sourceTree = "<group>"; };
		9FC081CD1FD8796100DAB94A /* KBCustomCollectionViewCell.h */ = {isa = PBXFileReference; lastKnownFileType = sourcecode.c.h; path = KBCustomCollectionViewCell.h; sourceTree = "<group>"; };
		9FC081CE1FD8796100DAB94A /* KBCustomCollectionViewCell.m */ = {isa = PBXFileReference; lastKnownFileType = sourcecode.c.objc; path = KBCustomCollectionViewCell.m; sourceTree = "<group>"; };
		9FC081CF1FD8796100DAB94A /* KBCustomCollectionViewCell.xib */ = {isa = PBXFileReference; lastKnownFileType = file.xib; path = KBCustomCollectionViewCell.xib; sourceTree = "<group>"; };
/* End PBXFileReference section */

/* Begin PBXFrameworksBuildPhase section */
		9FC081AB1FD8770700DAB94A /* Frameworks */ = {
			isa = PBXFrameworksBuildPhase;
			buildActionMask = 2147483647;
			files = (
			);
			runOnlyForDeploymentPostprocessing = 0;
		};
/* End PBXFrameworksBuildPhase section */

/* Begin PBXGroup section */
		9FC081A51FD8770700DAB94A = {
			isa = PBXGroup;
			children = (
				9FC081B01FD8770700DAB94A /* KBCircularCollectionViewSample */,
				9FC081AF1FD8770700DAB94A /* Products */,
			);
			sourceTree = "<group>";
		};
		9FC081AF1FD8770700DAB94A /* Products */ = {
			isa = PBXGroup;
			children = (
				9FC081AE1FD8770700DAB94A /* KBCircularCollectionViewSample.app */,
			);
			name = Products;
			sourceTree = "<group>";
		};
		9FC081B01FD8770700DAB94A /* KBCircularCollectionViewSample */ = {
			isa = PBXGroup;
			children = (
				9FC081B11FD8770700DAB94A /* AppDelegate.h */,
				9FC081B21FD8770700DAB94A /* AppDelegate.m */,
				9FC081B41FD8770700DAB94A /* ViewController.h */,
				9FC081B51FD8770700DAB94A /* ViewController.m */,
				9FC081B71FD8770700DAB94A /* Main.storyboard */,
				9FC081BA1FD8770700DAB94A /* Assets.xcassets */,
				9FC081BC1FD8770700DAB94A /* LaunchScreen.storyboard */,
				9FC081BF1FD8770700DAB94A /* Info.plist */,
				9FC081C01FD8770700DAB94A /* main.m */,
				9FC081C71FD8783D00DAB94A /* KBCircularCollectionView.h */,
				9FC081C81FD8783D00DAB94A /* KBCircularCollectionView.m */,
				9FC081CD1FD8796100DAB94A /* KBCustomCollectionViewCell.h */,
				9FC081CE1FD8796100DAB94A /* KBCustomCollectionViewCell.m */,
				9FC081CF1FD8796100DAB94A /* KBCustomCollectionViewCell.xib */,
			);
			path = KBCircularCollectionViewSample;
			sourceTree = "<group>";
		};
/* End PBXGroup section */

/* Begin PBXNativeTarget section */
		9FC081AD1FD8770700DAB94A /* KBCircularCollectionViewSample */ = {
			isa = PBXNativeTarget;
			buildConfigurationList = 9FC081C41FD8770700DAB94A /* Build configuration list for PBXNativeTarget "KBCircularCollectionViewSample" */;
			buildPhases = (
				9FC081AA1FD8770700DAB94A /* Sources */,
				9FC081AB1FD8770700DAB94A /* Frameworks */,
				9FC081AC1FD8770700DAB94A /* Resources */,
			);
			buildRules = (
			);
			dependencies = (
			);
			name = KBCircularCollectionViewSample;
			productName = KBCircularCollectionViewSample;
			productReference = 9FC081AE1FD8770700DAB94A /* KBCircularCollectionViewSample.app */;
			productType = "com.apple.product-type.application";
		};
/* End PBXNativeTarget section */

/* Begin PBXProject section */
		9FC081A61FD8770700DAB94A /* Project object */ = {
			isa = PBXProject;
			attributes = {
				LastUpgradeCheck = 0900;
				ORGANIZATIONNAME = "Kiran Basavaraju";
				TargetAttributes = {
					9FC081AD1FD8770700DAB94A = {
						CreatedOnToolsVersion = 9.0.1;
						ProvisioningStyle = Automatic;
					};
				};
			};
			buildConfigurationList = 9FC081A91FD8770700DAB94A /* Build configuration list for PBXProject "KBCircularCollectionViewSample" */;
			compatibilityVersion = "Xcode 8.0";
			developmentRegion = en;
			hasScannedForEncodings = 0;
			knownRegions = (
				en,
				Base,
			);
			mainGroup = 9FC081A51FD8770700DAB94A;
			productRefGroup = 9FC081AF1FD8770700DAB94A /* Products */;
			projectDirPath = "";
			projectRoot = "";
			targets = (
				9FC081AD1FD8770700DAB94A /* KBCircularCollectionViewSample */,
			);
		};
/* End PBXProject section */

/* Begin PBXResourcesBuildPhase section */
		9FC081AC1FD8770700DAB94A /* Resources */ = {
			isa = PBXResourcesBuildPhase;
			buildActionMask = 2147483647;
			files = (
				9FC081BE1FD8770700DAB94A /* LaunchScreen.storyboard in Resources */,
				9FC081BB1FD8770700DAB94A /* Assets.xcassets in Resources */,
				9FC081D11FD8796100DAB94A /* KBCustomCollectionViewCell.xib in Resources */,
				9FC081B91FD8770700DAB94A /* Main.storyboard in Resources */,
			);
			runOnlyForDeploymentPostprocessing = 0;
		};
/* End PBXResourcesBuildPhase section */

/* Begin PBXSourcesBuildPhase section */
		9FC081AA1FD8770700DAB94A /* Sources */ = {
			isa = PBXSourcesBuildPhase;
			buildActionMask = 2147483647;
			files = (
				9FC081B61FD8770700DAB94A /* ViewController.m in Sources */,
				9FC081C11FD8770700DAB94A /* main.m in Sources */,
				9FC081D01FD8796100DAB94A /* KBCustomCollectionViewCell.m in Sources */,
				9FC081C91FD8783D00DAB94A /* KBCircularCollectionView.m in Sources */,
				9FC081B31FD8770700DAB94A /* AppDelegate.m in Sources */,
			);
			runOnlyForDeploymentPostprocessing = 0;
		};
/* End PBXSourcesBuildPhase section */

/* Begin PBXVariantGroup section */
		9FC081B71FD8770700DAB94A /* Main.storyboard */ = {
			isa = PBXVariantGroup;
			children = (
				9FC081B81FD8770700DAB94A /* Base */,
			);
			name = Main.storyboard;
			sourceTree = "<group>";
		};
		9FC081BC1FD8770700DAB94A /* LaunchScreen.storyboard */ = {
			isa = PBXVariantGroup;
			children = (
				9FC081BD1FD8770700DAB94A /* Base */,
			);
			name = LaunchScreen.storyboard;
			sourceTree = "<group>";
		};
/* End PBXVariantGroup section */

/* Begin XCBuildConfiguration section */
		9FC081C21FD8770700DAB94A /* Debug */ = {
			isa = XCBuildConfiguration;
			buildSettings = {
				ALWAYS_SEARCH_USER_PATHS = NO;
				CLANG_ANALYZER_NONNULL = YES;
				CLANG_ANALYZER_NUMBER_OBJECT_CONVERSION = YES_AGGRESSIVE;
				CLANG_CXX_LANGUAGE_STANDARD = "gnu++14";
				CLANG_CXX_LIBRARY = "libc++";
				CLANG_ENABLE_MODULES = YES;
				CLANG_ENABLE_OBJC_ARC = YES;
				CLANG_WARN_BLOCK_CAPTURE_AUTORELEASING = YES;
				CLANG_WARN_BOOL_CONVERSION = YES;
				CLANG_WARN_COMMA = YES;
				CLANG_WARN_CONSTANT_CONVERSION = YES;
				CLANG_WARN_DIRECT_OBJC_ISA_USAGE = YES_ERROR;
				CLANG_WARN_DOCUMENTATION_COMMENTS = YES;
				CLANG_WARN_EMPTY_BODY = YES;
				CLANG_WARN_ENUM_CONVERSION = YES;
				CLANG_WARN_INFINITE_RECURSION = YES;
				CLANG_WARN_INT_CONVERSION = YES;
				CLANG_WARN_NON_LITERAL_NULL_CONVERSION = YES;
				CLANG_WARN_OBJC_LITERAL_CONVERSION = YES;
				CLANG_WARN_OBJC_ROOT_CLASS = YES_ERROR;
				CLANG_WARN_RANGE_LOOP_ANALYSIS = YES;
				CLANG_WARN_STRICT_PROTOTYPES = YES;
				CLANG_WARN_SUSPICIOUS_MOVE = YES;
				CLANG_WARN_UNGUARDED_AVAILABILITY = YES_AGGRESSIVE;
				CLANG_WARN_UNREACHABLE_CODE = YES;
				CLANG_WARN__DUPLICATE_METHOD_MATCH = YES;
				CODE_SIGN_IDENTITY = "iPhone Developer";
				COPY_PHASE_STRIP = NO;
				DEBUG_INFORMATION_FORMAT = dwarf;
				ENABLE_STRICT_OBJC_MSGSEND = YES;
				ENABLE_TESTABILITY = YES;
				GCC_C_LANGUAGE_STANDARD = gnu11;
				GCC_DYNAMIC_NO_PIC = NO;
				GCC_NO_COMMON_BLOCKS = YES;
				GCC_OPTIMIZATION_LEVEL = 0;
				GCC_PREPROCESSOR_DEFINITIONS = (
					"DEBUG=1",
					"$(inherited)",
				);
				GCC_WARN_64_TO_32_BIT_CONVERSION = YES;
				GCC_WARN_ABOUT_RETURN_TYPE = YES_ERROR;
				GCC_WARN_UNDECLARED_SELECTOR = YES;
				GCC_WARN_UNINITIALIZED_AUTOS = YES_AGGRESSIVE;
				GCC_WARN_UNUSED_FUNCTION = YES;
				GCC_WARN_UNUSED_VARIABLE = YES;
				IPHONEOS_DEPLOYMENT_TARGET = 11.0;
				MTL_ENABLE_DEBUG_INFO = YES;
				ONLY_ACTIVE_ARCH = YES;
				SDKROOT = iphoneos;
			};
			name = Debug;
		};
		9FC081C31FD8770700DAB94A /* Release */ = {
			isa = XCBuildConfiguration;
			buildSettings = {
				ALWAYS_SEARCH_USER_PATHS = NO;
				CLANG_ANALYZER_NONNULL = YES;
				CLANG_ANALYZER_NUMBER_OBJECT_CONVERSION = YES_AGGRESSIVE;
				CLANG_CXX_LANGUAGE_STANDARD = "gnu++14";
				CLANG_CXX_LIBRARY = "libc++";
				CLANG_ENABLE_MODULES = YES;
				CLANG_ENABLE_OBJC_ARC = YES;
				CLANG_WARN_BLOCK_CAPTURE_AUTORELEASING = YES;
				CLANG_WARN_BOOL_CONVERSION = YES;
				CLANG_WARN_COMMA = YES;
				CLANG_WARN_CONSTANT_CONVERSION = YES;
				CLANG_WARN_DIRECT_OBJC_ISA_USAGE = YES_ERROR;
				CLANG_WARN_DOCUMENTATION_COMMENTS = YES;
				CLANG_WARN_EMPTY_BODY = YES;
				CLANG_WARN_ENUM_CONVERSION = YES;
				CLANG_WARN_INFINITE_RECURSION = YES;
				CLANG_WARN_INT_CONVERSION = YES;
				CLANG_WARN_NON_LITERAL_NULL_CONVERSION = YES;
				CLANG_WARN_OBJC_LITERAL_CONVERSION = YES;
				CLANG_WARN_OBJC_ROOT_CLASS = YES_ERROR;
				CLANG_WARN_RANGE_LOOP_ANALYSIS = YES;
				CLANG_WARN_STRICT_PROTOTYPES = YES;
				CLANG_WARN_SUSPICIOUS_MOVE = YES;
				CLANG_WARN_UNGUARDED_AVAILABILITY = YES_AGGRESSIVE;
				CLANG_WARN_UNREACHABLE_CODE = YES;
				CLANG_WARN__DUPLICATE_METHOD_MATCH = YES;
				CODE_SIGN_IDENTITY = "iPhone Developer";
				COPY_PHASE_STRIP = NO;
				DEBUG_INFORMATION_FORMAT = "dwarf-with-dsym";
				ENABLE_NS_ASSERTIONS = NO;
				ENABLE_STRICT_OBJC_MSGSEND = YES;
				GCC_C_LANGUAGE_STANDARD = gnu11;
				GCC_NO_COMMON_BLOCKS = YES;
				GCC_WARN_64_TO_32_BIT_CONVERSION = YES;
				GCC_WARN_ABOUT_RETURN_TYPE = YES_ERROR;
				GCC_WARN_UNDECLARED_SELECTOR = YES;
				GCC_WARN_UNINITIALIZED_AUTOS = YES_AGGRESSIVE;
				GCC_WARN_UNUSED_FUNCTION = YES;
				GCC_WARN_UNUSED_VARIABLE = YES;
				IPHONEOS_DEPLOYMENT_TARGET = 11.0;
				MTL_ENABLE_DEBUG_INFO = NO;
				SDKROOT = iphoneos;
				VALIDATE_PRODUCT = YES;
			};
			name = Release;
		};
		9FC081C51FD8770700DAB94A /* Debug */ = {
			isa = XCBuildConfiguration;
			buildSettings = {
				ASSETCATALOG_COMPILER_APPICON_NAME = AppIcon;
				CODE_SIGN_STYLE = Automatic;
				INFOPLIST_FILE = KBCircularCollectionViewSample/Info.plist;
				LD_RUNPATH_SEARCH_PATHS = "$(inherited) @executable_path/Frameworks";
				PRODUCT_BUNDLE_IDENTIFIER = Kiran.KBCircularCollectionViewSample;
				PRODUCT_NAME = "$(TARGET_NAME)";
				TARGETED_DEVICE_FAMILY = "1,2";
			};
			name = Debug;
		};
		9FC081C61FD8770700DAB94A /* Release */ = {
			isa = XCBuildConfiguration;
			buildSettings = {
				ASSETCATALOG_COMPILER_APPICON_NAME = AppIcon;
				CODE_SIGN_STYLE = Automatic;
				INFOPLIST_FILE = KBCircularCollectionViewSample/Info.plist;
				LD_RUNPATH_SEARCH_PATHS = "$(inherited) @executable_path/Frameworks";
				PRODUCT_BUNDLE_IDENTIFIER = Kiran.KBCircularCollectionViewSample;
				PRODUCT_NAME = "$(TARGET_NAME)";
				TARGETED_DEVICE_FAMILY = "1,2";
			};
			name = Release;
		};
/* End XCBuildConfiguration section */

/* Begin XCConfigurationList section */
		9FC081A91FD8770700DAB94A /* Build configuration list for PBXProject "KBCircularCollectionViewSample" */ = {
			isa = XCConfigurationList;
			buildConfigurations = (
				9FC081C21FD8770700DAB94A /* Debug */,
				9FC081C31FD8770700DAB94A /* Release */,
			);
			defaultConfigurationIsVisible = 0;
			defaultConfigurationName = Release;
		};
		9FC081C41FD8770700DAB94A /* Build configuration list for PBXNativeTarget "KBCircularCollectionViewSample" */ = {
			isa = XCConfigurationList;
			buildConfigurations = (
				9FC081C51FD8770700DAB94A /* Debug */,
				9FC081C61FD8770700DAB94A /* Release */,
			);
			defaultConfigurationIsVisible = 0;
			defaultConfigurationName = Release;
		};
/* End XCConfigurationList section */
	};
	rootObject = 9FC081A61FD8770700DAB94A /* Project object */;
}
